// !$*UTF8*$!
{
	archiveVersion = 1;
	classes = {
	};
	objectVersion = 46;
	objects = {

/* Begin PBXBuildFile section */
		7D861DB41AF39DD400C3EAC2 /* NotificationCenter.framework in Frameworks */ = {isa = PBXBuildFile; fileRef = 7D861DB31AF39DD400C3EAC2 /* NotificationCenter.framework */; };
		7D861DBA1AF39DD400C3EAC2 /* TodayViewController.m in Sources */ = {isa = PBXBuildFile; fileRef = 7D861DB91AF39DD400C3EAC2 /* TodayViewController.m */; };
		7D861DBC1AF39DD400C3EAC2 /* MainInterface.storyboard in Resources */ = {isa = PBXBuildFile; fileRef = 7D861DBB1AF39DD400C3EAC2 /* MainInterface.storyboard */; };
		7D861DBF1AF39DD400C3EAC2 /* GoodKids Widget.appex in Embed App Extensions */ = {isa = PBXBuildFile; fileRef = 7D861DB11AF39DD400C3EAC2 /* GoodKids Widget.appex */; settings = {ATTRIBUTES = (RemoveHeadersOnCopy, ); }; };
		7D861DC71AF3AAB100C3EAC2 /* lingling.wav in Resources */ = {isa = PBXBuildFile; fileRef = 7D861DC61AF3AAB100C3EAC2 /* lingling.wav */; };
		7DA85DDA1AEB6B6000C7D17F /* Searcher.m in Sources */ = {isa = PBXBuildFile; fileRef = 7DA85DD91AEB6B6000C7D17F /* Searcher.m */; };
		B60B8A321AE76D0C004278CA /* ShareUtility.m in Sources */ = {isa = PBXBuildFile; fileRef = B60B8A311AE76D0C004278CA /* ShareUtility.m */; };
		B60EED6E1AE239BE009C1AA7 /* MobileCoreServices.framework in Frameworks */ = {isa = PBXBuildFile; fileRef = B6C937161AE22C1D00B6CED1 /* MobileCoreServices.framework */; };
		B60EED971AE25651009C1AA7 /* EntryVC.m in Sources */ = {isa = PBXBuildFile; fileRef = B60EED8E1AE25651009C1AA7 /* EntryVC.m */; };
		B60EED981AE25651009C1AA7 /* ImagePickerVC.m in Sources */ = {isa = PBXBuildFile; fileRef = B60EED901AE25651009C1AA7 /* ImagePickerVC.m */; };
		B60EED991AE25651009C1AA7 /* LoginVC.m in Sources */ = {isa = PBXBuildFile; fileRef = B60EED921AE25651009C1AA7 /* LoginVC.m */; };
		B60EED9A1AE25651009C1AA7 /* ProfileViewController.m in Sources */ = {isa = PBXBuildFile; fileRef = B60EED941AE25651009C1AA7 /* ProfileViewController.m */; };
		B60EED9B1AE25651009C1AA7 /* SignUpVC.m in Sources */ = {isa = PBXBuildFile; fileRef = B60EED961AE25651009C1AA7 /* SignUpVC.m */; };
		B60F0F891AE89ECD003465CE /* AddBandView.m in Sources */ = {isa = PBXBuildFile; fileRef = B60F0F881AE89ECD003465CE /* AddBandView.m */; };
		B60F0F8B1AE89EE2003465CE /* AddBandView.xib in Resources */ = {isa = PBXBuildFile; fileRef = B60F0F8A1AE89EE2003465CE /* AddBandView.xib */; };
		B60F0F911AE8A34E003465CE /* FollowContentCVC.m in Sources */ = {isa = PBXBuildFile; fileRef = B60F0F8E1AE8A34E003465CE /* FollowContentCVC.m */; };
		B60F0F921AE8A34E003465CE /* FollowContentCVCell.m in Sources */ = {isa = PBXBuildFile; fileRef = B60F0F901AE8A34E003465CE /* FollowContentCVCell.m */; };
		B6309BC61ADE7DC300B8F8E7 /* main.m in Sources */ = {isa = PBXBuildFile; fileRef = B6309BC51ADE7DC300B8F8E7 /* main.m */; };
		B6309BC91ADE7DC300B8F8E7 /* AppDelegate.m in Sources */ = {isa = PBXBuildFile; fileRef = B6309BC81ADE7DC300B8F8E7 /* AppDelegate.m */; };
		B6309BCC1ADE7DC300B8F8E7 /* AdminListVC_TVC.m in Sources */ = {isa = PBXBuildFile; fileRef = B6309BCB1ADE7DC300B8F8E7 /* AdminListVC_TVC.m */; };
		B6309BCF1ADE7DC300B8F8E7 /* Main.storyboard in Resources */ = {isa = PBXBuildFile; fileRef = B6309BCD1ADE7DC300B8F8E7 /* Main.storyboard */; };
		B6309BD11ADE7DC300B8F8E7 /* Images.xcassets in Resources */ = {isa = PBXBuildFile; fileRef = B6309BD01ADE7DC300B8F8E7 /* Images.xcassets */; };
		B6309BD41ADE7DC300B8F8E7 /* LaunchScreen.xib in Resources */ = {isa = PBXBuildFile; fileRef = B6309BD21ADE7DC300B8F8E7 /* LaunchScreen.xib */; };
		B6309BE01ADE7DC300B8F8E7 /* GoodKidsTests.m in Sources */ = {isa = PBXBuildFile; fileRef = B6309BDF1ADE7DC300B8F8E7 /* GoodKidsTests.m */; };
		B6309C031ADE84A200B8F8E7 /* FollowListTVC.m in Sources */ = {isa = PBXBuildFile; fileRef = B6309C021ADE84A200B8F8E7 /* FollowListTVC.m */; };
		B6309C1A1ADE870000B8F8E7 /* ProfileVC.m in Sources */ = {isa = PBXBuildFile; fileRef = B6309C191ADE870000B8F8E7 /* ProfileVC.m */; };
		B6309C201ADE873500B8F8E7 /* AboutVC.m in Sources */ = {isa = PBXBuildFile; fileRef = B6309C1F1ADE873500B8F8E7 /* AboutVC.m */; };
		B6309C231ADE875000B8F8E7 /* SettingVC.m in Sources */ = {isa = PBXBuildFile; fileRef = B6309C221ADE875000B8F8E7 /* SettingVC.m */; };
		B6309C2E1ADE880300B8F8E7 /* SearchTVC.m in Sources */ = {isa = PBXBuildFile; fileRef = B6309C2D1ADE880300B8F8E7 /* SearchTVC.m */; };
		B6309C341ADE88EC00B8F8E7 /* EditMessageVC.m in Sources */ = {isa = PBXBuildFile; fileRef = B6309C331ADE88EC00B8F8E7 /* EditMessageVC.m */; };
		B6309C371ADE890C00B8F8E7 /* ShowMessageVC.m in Sources */ = {isa = PBXBuildFile; fileRef = B6309C361ADE890C00B8F8E7 /* ShowMessageVC.m */; };
		B6309C3A1ADE8A4A00B8F8E7 /* SidebarTVC.m in Sources */ = {isa = PBXBuildFile; fileRef = B6309C391ADE8A4A00B8F8E7 /* SidebarTVC.m */; };
		B68A0CCE1AEB692D00F1902D /* FBSDKCoreKit.framework in Frameworks */ = {isa = PBXBuildFile; fileRef = B68A0CCC1AEB692D00F1902D /* FBSDKCoreKit.framework */; };
		B68A0CCF1AEB692D00F1902D /* FBSDKLoginKit.framework in Frameworks */ = {isa = PBXBuildFile; fileRef = B68A0CCD1AEB692D00F1902D /* FBSDKLoginKit.framework */; };
		B68A0CD71AECC81100F1902D /* AdminContentVC_CVC.m in Sources */ = {isa = PBXBuildFile; fileRef = B68A0CD61AECC81100F1902D /* AdminContentVC_CVC.m */; };
		B6A28D7D1AE63B04007EB78D /* AFHTTPRequestOperation.m in Sources */ = {isa = PBXBuildFile; fileRef = B6A28D6B1AE63B04007EB78D /* AFHTTPRequestOperation.m */; };
		B6A28D7E1AE63B04007EB78D /* AFHTTPRequestOperationManager.m in Sources */ = {isa = PBXBuildFile; fileRef = B6A28D6D1AE63B04007EB78D /* AFHTTPRequestOperationManager.m */; };
		B6A28D7F1AE63B04007EB78D /* AFHTTPSessionManager.m in Sources */ = {isa = PBXBuildFile; fileRef = B6A28D6F1AE63B04007EB78D /* AFHTTPSessionManager.m */; };
		B6A28D801AE63B04007EB78D /* AFNetworkReachabilityManager.m in Sources */ = {isa = PBXBuildFile; fileRef = B6A28D721AE63B04007EB78D /* AFNetworkReachabilityManager.m */; };
		B6A28D811AE63B04007EB78D /* AFSecurityPolicy.m in Sources */ = {isa = PBXBuildFile; fileRef = B6A28D741AE63B04007EB78D /* AFSecurityPolicy.m */; };
		B6A28D821AE63B04007EB78D /* AFURLConnectionOperation.m in Sources */ = {isa = PBXBuildFile; fileRef = B6A28D761AE63B04007EB78D /* AFURLConnectionOperation.m */; };
		B6A28D831AE63B04007EB78D /* AFURLRequestSerialization.m in Sources */ = {isa = PBXBuildFile; fileRef = B6A28D781AE63B04007EB78D /* AFURLRequestSerialization.m */; };
		B6A28D841AE63B04007EB78D /* AFURLResponseSerialization.m in Sources */ = {isa = PBXBuildFile; fileRef = B6A28D7A1AE63B04007EB78D /* AFURLResponseSerialization.m */; };
		B6A28D851AE63B04007EB78D /* AFURLSessionManager.m in Sources */ = {isa = PBXBuildFile; fileRef = B6A28D7C1AE63B04007EB78D /* AFURLSessionManager.m */; };
		B6A28D881AE63B11007EB78D /* UIImageView+AFNetworking.m in Sources */ = {isa = PBXBuildFile; fileRef = B6A28D871AE63B11007EB78D /* UIImageView+AFNetworking.m */; };
		B6A28D8C1AE63B33007EB78D /* MBProgressHUD.m in Sources */ = {isa = PBXBuildFile; fileRef = B6A28D8B1AE63B33007EB78D /* MBProgressHUD.m */; };
		B6A28D901AE63B52007EB78D /* Reachability.m in Sources */ = {isa = PBXBuildFile; fileRef = B6A28D8F1AE63B52007EB78D /* Reachability.m */; };
		B6A28D941AE63B6E007EB78D /* SWRevealViewController.m in Sources */ = {isa = PBXBuildFile; fileRef = B6A28D931AE63B6E007EB78D /* SWRevealViewController.m */; };
		B6A7ED441AEDC63300FC74D0 /* MyCell.m in Sources */ = {isa = PBXBuildFile; fileRef = B6A7ED431AEDC63300FC74D0 /* MyCell.m */; };
		B6AC55C71AF1D1F500B7A1A6 /* FollowMessageVC.m in Sources */ = {isa = PBXBuildFile; fileRef = B6AC55C61AF1D1F500B7A1A6 /* FollowMessageVC.m */; };
		B6BBB2E91AEF803B003DD993 /* FollowListCell.m in Sources */ = {isa = PBXBuildFile; fileRef = B6BBB2E81AEF803B003DD993 /* FollowListCell.m */; };
		B6BBB2ED1AEF8B31003DD993 /* AdminListCell.m in Sources */ = {isa = PBXBuildFile; fileRef = B6BBB2EC1AEF8B31003DD993 /* AdminListCell.m */; };
		B6CD12181ADF8B3D00071A46 /* API.m in Sources */ = {isa = PBXBuildFile; fileRef = B6CD12171ADF8B3D00071A46 /* API.m */; };
		E129A3161AEE27B600F4D3A6 /* GoodKidsGif.gif in Resources */ = {isa = PBXBuildFile; fileRef = E129A3151AEE27B600F4D3A6 /* GoodKidsGif.gif */; };
		E129A31C1AEE3D2A00F4D3A6 /* logo.png in Resources */ = {isa = PBXBuildFile; fileRef = E129A31B1AEE3D2A00F4D3A6 /* logo.png */; };
		E129A31E1AEF8D7B00F4D3A6 /* increase_font-75.png in Resources */ = {isa = PBXBuildFile; fileRef = E129A31D1AEF8D7B00F4D3A6 /* increase_font-75.png */; };
		E129A3201AEF8DB500F4D3A6 /* calendar-75.png in Resources */ = {isa = PBXBuildFile; fileRef = E129A31F1AEF8DB500F4D3A6 /* calendar-75.png */; };
		E129A3221AEF8E0C00F4D3A6 /* clock-75.png in Resources */ = {isa = PBXBuildFile; fileRef = E129A3211AEF8E0C00F4D3A6 /* clock-75.png */; };
		E129A3241AEFBB5B00F4D3A6 /* camera-75.png in Resources */ = {isa = PBXBuildFile; fileRef = E129A3231AEFBB5B00F4D3A6 /* camera-75.png */; };
		E18CE2F41AED1278000B56AF /* email-75.png in Resources */ = {isa = PBXBuildFile; fileRef = E18CE2F31AED1278000B56AF /* email-75.png */; };
		E18CE2F61AED1296000B56AF /* password-75.png in Resources */ = {isa = PBXBuildFile; fileRef = E18CE2F51AED1296000B56AF /* password-75.png */; };
		E18CE2F81AED12B0000B56AF /* user_male4-75.png in Resources */ = {isa = PBXBuildFile; fileRef = E18CE2F71AED12B0000B56AF /* user_male4-75.png */; };
		E19A523B1AEDCB030057A13D /* JDFPeekabooCoordinator.m in Sources */ = {isa = PBXBuildFile; fileRef = E19A523A1AEDCB030057A13D /* JDFPeekabooCoordinator.m */; };
		E1D40DBF1AF073010035B34B /* settings-75.png in Resources */ = {isa = PBXBuildFile; fileRef = E1D40DBE1AF073010035B34B /* settings-75.png */; };
		E1DC60EB1AEB6DCC009CBC09 /* custButton.m in Sources */ = {isa = PBXBuildFile; fileRef = E1DC60EA1AEB6DCC009CBC09 /* custButton.m */; };
		E1EE1D4B1AF0BA6800CFE2F5 /* MessageUI.framework in Frameworks */ = {isa = PBXBuildFile; fileRef = E1EE1D4A1AF0BA6800CFE2F5 /* MessageUI.framework */; };
/* End PBXBuildFile section */

/* Begin PBXContainerItemProxy section */
		7D861DBD1AF39DD400C3EAC2 /* PBXContainerItemProxy */ = {
			isa = PBXContainerItemProxy;
			containerPortal = B6309BB81ADE7DC300B8F8E7 /* Project object */;
			proxyType = 1;
			remoteGlobalIDString = 7D861DB01AF39DD400C3EAC2;
			remoteInfo = "GoodKids Widget";
		};
		B6309BDA1ADE7DC300B8F8E7 /* PBXContainerItemProxy */ = {
			isa = PBXContainerItemProxy;
			containerPortal = B6309BB81ADE7DC300B8F8E7 /* Project object */;
			proxyType = 1;
			remoteGlobalIDString = B6309BBF1ADE7DC300B8F8E7;
			remoteInfo = GoodKids;
		};
/* End PBXContainerItemProxy section */

/* Begin PBXCopyFilesBuildPhase section */
		7D861DC31AF39DD500C3EAC2 /* Embed App Extensions */ = {
			isa = PBXCopyFilesBuildPhase;
			buildActionMask = 2147483647;
			dstPath = "";
			dstSubfolderSpec = 13;
			files = (
				7D861DBF1AF39DD400C3EAC2 /* GoodKids Widget.appex in Embed App Extensions */,
			);
			name = "Embed App Extensions";
			runOnlyForDeploymentPostprocessing = 0;
		};
/* End PBXCopyFilesBuildPhase section */

/* Begin PBXFileReference section */
		7D861DB11AF39DD400C3EAC2 /* GoodKids Widget.appex */ = {isa = PBXFileReference; explicitFileType = "wrapper.app-extension"; includeInIndex = 0; path = "GoodKids Widget.appex"; sourceTree = BUILT_PRODUCTS_DIR; };
		7D861DB31AF39DD400C3EAC2 /* NotificationCenter.framework */ = {isa = PBXFileReference; lastKnownFileType = wrapper.framework; name = NotificationCenter.framework; path = System/Library/Frameworks/NotificationCenter.framework; sourceTree = SDKROOT; };
		7D861DB71AF39DD400C3EAC2 /* Info.plist */ = {isa = PBXFileReference; lastKnownFileType = text.plist.xml; path = Info.plist; sourceTree = "<group>"; };
		7D861DB81AF39DD400C3EAC2 /* TodayViewController.h */ = {isa = PBXFileReference; lastKnownFileType = sourcecode.c.h; path = TodayViewController.h; sourceTree = "<group>"; };
		7D861DB91AF39DD400C3EAC2 /* TodayViewController.m */ = {isa = PBXFileReference; lastKnownFileType = sourcecode.c.objc; path = TodayViewController.m; sourceTree = "<group>"; };
		7D861DBB1AF39DD400C3EAC2 /* MainInterface.storyboard */ = {isa = PBXFileReference; lastKnownFileType = file.storyboard; path = MainInterface.storyboard; sourceTree = "<group>"; };
		7D861DC41AF39E0600C3EAC2 /* GoodKids.entitlements */ = {isa = PBXFileReference; lastKnownFileType = text.xml; path = GoodKids.entitlements; sourceTree = "<group>"; };
		7D861DC51AF39E0F00C3EAC2 /* GoodKids Widget.entitlements */ = {isa = PBXFileReference; lastKnownFileType = text.xml; path = "GoodKids Widget.entitlements"; sourceTree = "<group>"; };
		7D861DC61AF3AAB100C3EAC2 /* lingling.wav */ = {isa = PBXFileReference; lastKnownFileType = audio.wav; path = lingling.wav; sourceTree = "<group>"; };
		7DA85DD81AEB6B6000C7D17F /* Searcher.h */ = {isa = PBXFileReference; fileEncoding = 4; lastKnownFileType = sourcecode.c.h; path = Searcher.h; sourceTree = "<group>"; };
		7DA85DD91AEB6B6000C7D17F /* Searcher.m */ = {isa = PBXFileReference; fileEncoding = 4; lastKnownFileType = sourcecode.c.objc; path = Searcher.m; sourceTree = "<group>"; };
		B60B8A301AE76D0C004278CA /* ShareUtility.h */ = {isa = PBXFileReference; fileEncoding = 4; lastKnownFileType = sourcecode.c.h; path = ShareUtility.h; sourceTree = "<group>"; };
		B60B8A311AE76D0C004278CA /* ShareUtility.m */ = {isa = PBXFileReference; fileEncoding = 4; lastKnownFileType = sourcecode.c.objc; path = ShareUtility.m; sourceTree = "<group>"; };
		B60EED8D1AE25651009C1AA7 /* EntryVC.h */ = {isa = PBXFileReference; fileEncoding = 4; lastKnownFileType = sourcecode.c.h; path = EntryVC.h; sourceTree = "<group>"; };
		B60EED8E1AE25651009C1AA7 /* EntryVC.m */ = {isa = PBXFileReference; fileEncoding = 4; lastKnownFileType = sourcecode.c.objc; path = EntryVC.m; sourceTree = "<group>"; };
		B60EED8F1AE25651009C1AA7 /* ImagePickerVC.h */ = {isa = PBXFileReference; fileEncoding = 4; lastKnownFileType = sourcecode.c.h; path = ImagePickerVC.h; sourceTree = "<group>"; };
		B60EED901AE25651009C1AA7 /* ImagePickerVC.m */ = {isa = PBXFileReference; fileEncoding = 4; lastKnownFileType = sourcecode.c.objc; path = ImagePickerVC.m; sourceTree = "<group>"; };
		B60EED911AE25651009C1AA7 /* LoginVC.h */ = {isa = PBXFileReference; fileEncoding = 4; lastKnownFileType = sourcecode.c.h; path = LoginVC.h; sourceTree = "<group>"; };
		B60EED921AE25651009C1AA7 /* LoginVC.m */ = {isa = PBXFileReference; fileEncoding = 4; lastKnownFileType = sourcecode.c.objc; path = LoginVC.m; sourceTree = "<group>"; };
		B60EED931AE25651009C1AA7 /* ProfileViewController.h */ = {isa = PBXFileReference; fileEncoding = 4; lastKnownFileType = sourcecode.c.h; path = ProfileViewController.h; sourceTree = "<group>"; };
		B60EED941AE25651009C1AA7 /* ProfileViewController.m */ = {isa = PBXFileReference; fileEncoding = 4; lastKnownFileType = sourcecode.c.objc; path = ProfileViewController.m; sourceTree = "<group>"; };
		B60EED951AE25651009C1AA7 /* SignUpVC.h */ = {isa = PBXFileReference; fileEncoding = 4; lastKnownFileType = sourcecode.c.h; path = SignUpVC.h; sourceTree = "<group>"; };
		B60EED961AE25651009C1AA7 /* SignUpVC.m */ = {isa = PBXFileReference; fileEncoding = 4; lastKnownFileType = sourcecode.c.objc; path = SignUpVC.m; sourceTree = "<group>"; };
		B60F0F871AE89ECD003465CE /* AddBandView.h */ = {isa = PBXFileReference; fileEncoding = 4; lastKnownFileType = sourcecode.c.h; path = AddBandView.h; sourceTree = "<group>"; };
		B60F0F881AE89ECD003465CE /* AddBandView.m */ = {isa = PBXFileReference; fileEncoding = 4; lastKnownFileType = sourcecode.c.objc; path = AddBandView.m; sourceTree = "<group>"; };
		B60F0F8A1AE89EE2003465CE /* AddBandView.xib */ = {isa = PBXFileReference; fileEncoding = 4; lastKnownFileType = file.xib; path = AddBandView.xib; sourceTree = "<group>"; };
		B60F0F8D1AE8A34E003465CE /* FollowContentCVC.h */ = {isa = PBXFileReference; fileEncoding = 4; lastKnownFileType = sourcecode.c.h; path = FollowContentCVC.h; sourceTree = "<group>"; };
		B60F0F8E1AE8A34E003465CE /* FollowContentCVC.m */ = {isa = PBXFileReference; fileEncoding = 4; lastKnownFileType = sourcecode.c.objc; path = FollowContentCVC.m; sourceTree = "<group>"; };
		B60F0F8F1AE8A34E003465CE /* FollowContentCVCell.h */ = {isa = PBXFileReference; fileEncoding = 4; lastKnownFileType = sourcecode.c.h; path = FollowContentCVCell.h; sourceTree = "<group>"; };
		B60F0F901AE8A34E003465CE /* FollowContentCVCell.m */ = {isa = PBXFileReference; fileEncoding = 4; lastKnownFileType = sourcecode.c.objc; path = FollowContentCVCell.m; sourceTree = "<group>"; };
		B6309BC01ADE7DC300B8F8E7 /* GoodKids.app */ = {isa = PBXFileReference; explicitFileType = wrapper.application; includeInIndex = 0; path = GoodKids.app; sourceTree = BUILT_PRODUCTS_DIR; };
		B6309BC41ADE7DC300B8F8E7 /* Info.plist */ = {isa = PBXFileReference; lastKnownFileType = text.plist.xml; path = Info.plist; sourceTree = "<group>"; };
		B6309BC51ADE7DC300B8F8E7 /* main.m */ = {isa = PBXFileReference; lastKnownFileType = sourcecode.c.objc; path = main.m; sourceTree = "<group>"; };
		B6309BC71ADE7DC300B8F8E7 /* AppDelegate.h */ = {isa = PBXFileReference; lastKnownFileType = sourcecode.c.h; path = AppDelegate.h; sourceTree = "<group>"; };
		B6309BC81ADE7DC300B8F8E7 /* AppDelegate.m */ = {isa = PBXFileReference; lastKnownFileType = sourcecode.c.objc; path = AppDelegate.m; sourceTree = "<group>"; };
		B6309BCA1ADE7DC300B8F8E7 /* AdminListVC_TVC.h */ = {isa = PBXFileReference; lastKnownFileType = sourcecode.c.h; path = AdminListVC_TVC.h; sourceTree = "<group>"; };
		B6309BCB1ADE7DC300B8F8E7 /* AdminListVC_TVC.m */ = {isa = PBXFileReference; lastKnownFileType = sourcecode.c.objc; path = AdminListVC_TVC.m; sourceTree = "<group>"; };
		B6309BCE1ADE7DC300B8F8E7 /* Base */ = {isa = PBXFileReference; lastKnownFileType = file.storyboard; name = Base; path = Base.lproj/Main.storyboard; sourceTree = "<group>"; };
		B6309BD01ADE7DC300B8F8E7 /* Images.xcassets */ = {isa = PBXFileReference; lastKnownFileType = folder.assetcatalog; path = Images.xcassets; sourceTree = "<group>"; };
		B6309BD31ADE7DC300B8F8E7 /* Base */ = {isa = PBXFileReference; lastKnownFileType = file.xib; name = Base; path = Base.lproj/LaunchScreen.xib; sourceTree = "<group>"; };
		B6309BD91ADE7DC300B8F8E7 /* GoodKidsTests.xctest */ = {isa = PBXFileReference; explicitFileType = wrapper.cfbundle; includeInIndex = 0; path = GoodKidsTests.xctest; sourceTree = BUILT_PRODUCTS_DIR; };
		B6309BDE1ADE7DC300B8F8E7 /* Info.plist */ = {isa = PBXFileReference; lastKnownFileType = text.plist.xml; path = Info.plist; sourceTree = "<group>"; };
		B6309BDF1ADE7DC300B8F8E7 /* GoodKidsTests.m */ = {isa = PBXFileReference; lastKnownFileType = sourcecode.c.objc; path = GoodKidsTests.m; sourceTree = "<group>"; };
		B6309C011ADE84A200B8F8E7 /* FollowListTVC.h */ = {isa = PBXFileReference; fileEncoding = 4; lastKnownFileType = sourcecode.c.h; path = FollowListTVC.h; sourceTree = "<group>"; };
		B6309C021ADE84A200B8F8E7 /* FollowListTVC.m */ = {isa = PBXFileReference; fileEncoding = 4; lastKnownFileType = sourcecode.c.objc; path = FollowListTVC.m; sourceTree = "<group>"; };
		B6309C181ADE870000B8F8E7 /* ProfileVC.h */ = {isa = PBXFileReference; fileEncoding = 4; lastKnownFileType = sourcecode.c.h; path = ProfileVC.h; sourceTree = "<group>"; };
		B6309C191ADE870000B8F8E7 /* ProfileVC.m */ = {isa = PBXFileReference; fileEncoding = 4; lastKnownFileType = sourcecode.c.objc; path = ProfileVC.m; sourceTree = "<group>"; };
		B6309C1E1ADE873500B8F8E7 /* AboutVC.h */ = {isa = PBXFileReference; fileEncoding = 4; lastKnownFileType = sourcecode.c.h; path = AboutVC.h; sourceTree = "<group>"; };
		B6309C1F1ADE873500B8F8E7 /* AboutVC.m */ = {isa = PBXFileReference; fileEncoding = 4; lastKnownFileType = sourcecode.c.objc; path = AboutVC.m; sourceTree = "<group>"; };
		B6309C211ADE874F00B8F8E7 /* SettingVC.h */ = {isa = PBXFileReference; fileEncoding = 4; lastKnownFileType = sourcecode.c.h; path = SettingVC.h; sourceTree = "<group>"; };
		B6309C221ADE875000B8F8E7 /* SettingVC.m */ = {isa = PBXFileReference; fileEncoding = 4; lastKnownFileType = sourcecode.c.objc; path = SettingVC.m; sourceTree = "<group>"; };
		B6309C2C1ADE880300B8F8E7 /* SearchTVC.h */ = {isa = PBXFileReference; fileEncoding = 4; lastKnownFileType = sourcecode.c.h; path = SearchTVC.h; sourceTree = "<group>"; };
		B6309C2D1ADE880300B8F8E7 /* SearchTVC.m */ = {isa = PBXFileReference; fileEncoding = 4; lastKnownFileType = sourcecode.c.objc; path = SearchTVC.m; sourceTree = "<group>"; };
		B6309C321ADE88EC00B8F8E7 /* EditMessageVC.h */ = {isa = PBXFileReference; fileEncoding = 4; lastKnownFileType = sourcecode.c.h; path = EditMessageVC.h; sourceTree = "<group>"; };
		B6309C331ADE88EC00B8F8E7 /* EditMessageVC.m */ = {isa = PBXFileReference; fileEncoding = 4; lastKnownFileType = sourcecode.c.objc; path = EditMessageVC.m; sourceTree = "<group>"; };
		B6309C351ADE890C00B8F8E7 /* ShowMessageVC.h */ = {isa = PBXFileReference; fileEncoding = 4; lastKnownFileType = sourcecode.c.h; path = ShowMessageVC.h; sourceTree = "<group>"; };
		B6309C361ADE890C00B8F8E7 /* ShowMessageVC.m */ = {isa = PBXFileReference; fileEncoding = 4; lastKnownFileType = sourcecode.c.objc; path = ShowMessageVC.m; sourceTree = "<group>"; };
		B6309C381ADE8A4A00B8F8E7 /* SidebarTVC.h */ = {isa = PBXFileReference; fileEncoding = 4; lastKnownFileType = sourcecode.c.h; path = SidebarTVC.h; sourceTree = "<group>"; };
		B6309C391ADE8A4A00B8F8E7 /* SidebarTVC.m */ = {isa = PBXFileReference; fileEncoding = 4; lastKnownFileType = sourcecode.c.objc; path = SidebarTVC.m; sourceTree = "<group>"; };
		B68A0CCC1AEB692D00F1902D /* FBSDKCoreKit.framework */ = {isa = PBXFileReference; lastKnownFileType = wrapper.framework; path = FBSDKCoreKit.framework; sourceTree = "<group>"; };
		B68A0CCD1AEB692D00F1902D /* FBSDKLoginKit.framework */ = {isa = PBXFileReference; lastKnownFileType = wrapper.framework; path = FBSDKLoginKit.framework; sourceTree = "<group>"; };
		B68A0CD51AECC81100F1902D /* AdminContentVC_CVC.h */ = {isa = PBXFileReference; fileEncoding = 4; lastKnownFileType = sourcecode.c.h; path = AdminContentVC_CVC.h; sourceTree = "<group>"; };
		B68A0CD61AECC81100F1902D /* AdminContentVC_CVC.m */ = {isa = PBXFileReference; fileEncoding = 4; lastKnownFileType = sourcecode.c.objc; path = AdminContentVC_CVC.m; sourceTree = "<group>"; };
		B6A28D6A1AE63B04007EB78D /* AFHTTPRequestOperation.h */ = {isa = PBXFileReference; fileEncoding = 4; lastKnownFileType = sourcecode.c.h; path = AFHTTPRequestOperation.h; sourceTree = "<group>"; };
		B6A28D6B1AE63B04007EB78D /* AFHTTPRequestOperation.m */ = {isa = PBXFileReference; fileEncoding = 4; lastKnownFileType = sourcecode.c.objc; path = AFHTTPRequestOperation.m; sourceTree = "<group>"; };
		B6A28D6C1AE63B04007EB78D /* AFHTTPRequestOperationManager.h */ = {isa = PBXFileReference; fileEncoding = 4; lastKnownFileType = sourcecode.c.h; path = AFHTTPRequestOperationManager.h; sourceTree = "<group>"; };
		B6A28D6D1AE63B04007EB78D /* AFHTTPRequestOperationManager.m */ = {isa = PBXFileReference; fileEncoding = 4; lastKnownFileType = sourcecode.c.objc; path = AFHTTPRequestOperationManager.m; sourceTree = "<group>"; };
		B6A28D6E1AE63B04007EB78D /* AFHTTPSessionManager.h */ = {isa = PBXFileReference; fileEncoding = 4; lastKnownFileType = sourcecode.c.h; path = AFHTTPSessionManager.h; sourceTree = "<group>"; };
		B6A28D6F1AE63B04007EB78D /* AFHTTPSessionManager.m */ = {isa = PBXFileReference; fileEncoding = 4; lastKnownFileType = sourcecode.c.objc; path = AFHTTPSessionManager.m; sourceTree = "<group>"; };
		B6A28D701AE63B04007EB78D /* AFNetworking.h */ = {isa = PBXFileReference; fileEncoding = 4; lastKnownFileType = sourcecode.c.h; path = AFNetworking.h; sourceTree = "<group>"; };
		B6A28D711AE63B04007EB78D /* AFNetworkReachabilityManager.h */ = {isa = PBXFileReference; fileEncoding = 4; lastKnownFileType = sourcecode.c.h; path = AFNetworkReachabilityManager.h; sourceTree = "<group>"; };
		B6A28D721AE63B04007EB78D /* AFNetworkReachabilityManager.m */ = {isa = PBXFileReference; fileEncoding = 4; lastKnownFileType = sourcecode.c.objc; path = AFNetworkReachabilityManager.m; sourceTree = "<group>"; };
		B6A28D731AE63B04007EB78D /* AFSecurityPolicy.h */ = {isa = PBXFileReference; fileEncoding = 4; lastKnownFileType = sourcecode.c.h; path = AFSecurityPolicy.h; sourceTree = "<group>"; };
		B6A28D741AE63B04007EB78D /* AFSecurityPolicy.m */ = {isa = PBXFileReference; fileEncoding = 4; lastKnownFileType = sourcecode.c.objc; path = AFSecurityPolicy.m; sourceTree = "<group>"; };
		B6A28D751AE63B04007EB78D /* AFURLConnectionOperation.h */ = {isa = PBXFileReference; fileEncoding = 4; lastKnownFileType = sourcecode.c.h; path = AFURLConnectionOperation.h; sourceTree = "<group>"; };
		B6A28D761AE63B04007EB78D /* AFURLConnectionOperation.m */ = {isa = PBXFileReference; fileEncoding = 4; lastKnownFileType = sourcecode.c.objc; path = AFURLConnectionOperation.m; sourceTree = "<group>"; };
		B6A28D771AE63B04007EB78D /* AFURLRequestSerialization.h */ = {isa = PBXFileReference; fileEncoding = 4; lastKnownFileType = sourcecode.c.h; path = AFURLRequestSerialization.h; sourceTree = "<group>"; };
		B6A28D781AE63B04007EB78D /* AFURLRequestSerialization.m */ = {isa = PBXFileReference; fileEncoding = 4; lastKnownFileType = sourcecode.c.objc; path = AFURLRequestSerialization.m; sourceTree = "<group>"; };
		B6A28D791AE63B04007EB78D /* AFURLResponseSerialization.h */ = {isa = PBXFileReference; fileEncoding = 4; lastKnownFileType = sourcecode.c.h; path = AFURLResponseSerialization.h; sourceTree = "<group>"; };
		B6A28D7A1AE63B04007EB78D /* AFURLResponseSerialization.m */ = {isa = PBXFileReference; fileEncoding = 4; lastKnownFileType = sourcecode.c.objc; path = AFURLResponseSerialization.m; sourceTree = "<group>"; };
		B6A28D7B1AE63B04007EB78D /* AFURLSessionManager.h */ = {isa = PBXFileReference; fileEncoding = 4; lastKnownFileType = sourcecode.c.h; path = AFURLSessionManager.h; sourceTree = "<group>"; };
		B6A28D7C1AE63B04007EB78D /* AFURLSessionManager.m */ = {isa = PBXFileReference; fileEncoding = 4; lastKnownFileType = sourcecode.c.objc; path = AFURLSessionManager.m; sourceTree = "<group>"; };
		B6A28D861AE63B11007EB78D /* UIImageView+AFNetworking.h */ = {isa = PBXFileReference; fileEncoding = 4; lastKnownFileType = sourcecode.c.h; path = "UIImageView+AFNetworking.h"; sourceTree = "<group>"; };
		B6A28D871AE63B11007EB78D /* UIImageView+AFNetworking.m */ = {isa = PBXFileReference; fileEncoding = 4; lastKnownFileType = sourcecode.c.objc; path = "UIImageView+AFNetworking.m"; sourceTree = "<group>"; };
		B6A28D8A1AE63B33007EB78D /* MBProgressHUD.h */ = {isa = PBXFileReference; fileEncoding = 4; lastKnownFileType = sourcecode.c.h; path = MBProgressHUD.h; sourceTree = "<group>"; };
		B6A28D8B1AE63B33007EB78D /* MBProgressHUD.m */ = {isa = PBXFileReference; fileEncoding = 4; lastKnownFileType = sourcecode.c.objc; path = MBProgressHUD.m; sourceTree = "<group>"; };
		B6A28D8E1AE63B52007EB78D /* Reachability.h */ = {isa = PBXFileReference; fileEncoding = 4; lastKnownFileType = sourcecode.c.h; path = Reachability.h; sourceTree = "<group>"; };
		B6A28D8F1AE63B52007EB78D /* Reachability.m */ = {isa = PBXFileReference; fileEncoding = 4; lastKnownFileType = sourcecode.c.objc; path = Reachability.m; sourceTree = "<group>"; };
		B6A28D921AE63B6E007EB78D /* SWRevealViewController.h */ = {isa = PBXFileReference; fileEncoding = 4; lastKnownFileType = sourcecode.c.h; path = SWRevealViewController.h; sourceTree = "<group>"; };
		B6A28D931AE63B6E007EB78D /* SWRevealViewController.m */ = {isa = PBXFileReference; fileEncoding = 4; lastKnownFileType = sourcecode.c.objc; path = SWRevealViewController.m; sourceTree = "<group>"; };
		B6A7ED421AEDC63300FC74D0 /* MyCell.h */ = {isa = PBXFileReference; fileEncoding = 4; lastKnownFileType = sourcecode.c.h; path = MyCell.h; sourceTree = "<group>"; };
		B6A7ED431AEDC63300FC74D0 /* MyCell.m */ = {isa = PBXFileReference; fileEncoding = 4; lastKnownFileType = sourcecode.c.objc; path = MyCell.m; sourceTree = "<group>"; };
		B6AC55C51AF1D1F500B7A1A6 /* FollowMessageVC.h */ = {isa = PBXFileReference; fileEncoding = 4; lastKnownFileType = sourcecode.c.h; path = FollowMessageVC.h; sourceTree = "<group>"; };
		B6AC55C61AF1D1F500B7A1A6 /* FollowMessageVC.m */ = {isa = PBXFileReference; fileEncoding = 4; lastKnownFileType = sourcecode.c.objc; path = FollowMessageVC.m; sourceTree = "<group>"; };
		B6BBB2E71AEF803B003DD993 /* FollowListCell.h */ = {isa = PBXFileReference; fileEncoding = 4; lastKnownFileType = sourcecode.c.h; path = FollowListCell.h; sourceTree = "<group>"; };
		B6BBB2E81AEF803B003DD993 /* FollowListCell.m */ = {isa = PBXFileReference; fileEncoding = 4; lastKnownFileType = sourcecode.c.objc; path = FollowListCell.m; sourceTree = "<group>"; };
		B6BBB2EB1AEF8B31003DD993 /* AdminListCell.h */ = {isa = PBXFileReference; fileEncoding = 4; lastKnownFileType = sourcecode.c.h; path = AdminListCell.h; sourceTree = "<group>"; };
		B6BBB2EC1AEF8B31003DD993 /* AdminListCell.m */ = {isa = PBXFileReference; fileEncoding = 4; lastKnownFileType = sourcecode.c.objc; path = AdminListCell.m; sourceTree = "<group>"; };
		B6C937161AE22C1D00B6CED1 /* MobileCoreServices.framework */ = {isa = PBXFileReference; lastKnownFileType = wrapper.framework; name = MobileCoreServices.framework; path = System/Library/Frameworks/MobileCoreServices.framework; sourceTree = SDKROOT; };
		B6CD12161ADF8B3D00071A46 /* API.h */ = {isa = PBXFileReference; fileEncoding = 4; lastKnownFileType = sourcecode.c.h; path = API.h; sourceTree = "<group>"; };
		B6CD12171ADF8B3D00071A46 /* API.m */ = {isa = PBXFileReference; fileEncoding = 4; lastKnownFileType = sourcecode.c.objc; path = API.m; sourceTree = "<group>"; };
		E129A3151AEE27B600F4D3A6 /* GoodKidsGif.gif */ = {isa = PBXFileReference; lastKnownFileType = image.gif; path = GoodKidsGif.gif; sourceTree = "<group>"; };
		E129A31B1AEE3D2A00F4D3A6 /* logo.png */ = {isa = PBXFileReference; lastKnownFileType = image.png; path = logo.png; sourceTree = "<group>"; };
		E129A31D1AEF8D7B00F4D3A6 /* increase_font-75.png */ = {isa = PBXFileReference; lastKnownFileType = image.png; path = "increase_font-75.png"; sourceTree = "<group>"; };
		E129A31F1AEF8DB500F4D3A6 /* calendar-75.png */ = {isa = PBXFileReference; lastKnownFileType = image.png; path = "calendar-75.png"; sourceTree = "<group>"; };
		E129A3211AEF8E0C00F4D3A6 /* clock-75.png */ = {isa = PBXFileReference; lastKnownFileType = image.png; path = "clock-75.png"; sourceTree = "<group>"; };
		E129A3231AEFBB5B00F4D3A6 /* camera-75.png */ = {isa = PBXFileReference; lastKnownFileType = image.png; path = "camera-75.png"; sourceTree = "<group>"; };
		E18CE2F31AED1278000B56AF /* email-75.png */ = {isa = PBXFileReference; lastKnownFileType = image.png; path = "email-75.png"; sourceTree = "<group>"; };
		E18CE2F51AED1296000B56AF /* password-75.png */ = {isa = PBXFileReference; lastKnownFileType = image.png; path = "password-75.png"; sourceTree = "<group>"; };
		E18CE2F71AED12B0000B56AF /* user_male4-75.png */ = {isa = PBXFileReference; lastKnownFileType = image.png; path = "user_male4-75.png"; sourceTree = "<group>"; };
		E19A52391AEDCB030057A13D /* JDFPeekabooCoordinator.h */ = {isa = PBXFileReference; fileEncoding = 4; lastKnownFileType = sourcecode.c.h; name = JDFPeekabooCoordinator.h; path = GoodKids/JDFPeekabooCoordinator.h; sourceTree = "<group>"; };
		E19A523A1AEDCB030057A13D /* JDFPeekabooCoordinator.m */ = {isa = PBXFileReference; fileEncoding = 4; lastKnownFileType = sourcecode.c.objc; name = JDFPeekabooCoordinator.m; path = GoodKids/JDFPeekabooCoordinator.m; sourceTree = "<group>"; };
		E1D40DBE1AF073010035B34B /* settings-75.png */ = {isa = PBXFileReference; lastKnownFileType = image.png; path = "settings-75.png"; sourceTree = "<group>"; };
		E1DC60E91AEB6DCC009CBC09 /* custButton.h */ = {isa = PBXFileReference; fileEncoding = 4; lastKnownFileType = sourcecode.c.h; name = custButton.h; path = GoodKids/custButton.h; sourceTree = "<group>"; };
		E1DC60EA1AEB6DCC009CBC09 /* custButton.m */ = {isa = PBXFileReference; fileEncoding = 4; lastKnownFileType = sourcecode.c.objc; name = custButton.m; path = GoodKids/custButton.m; sourceTree = "<group>"; };
		E1EE1D4A1AF0BA6800CFE2F5 /* MessageUI.framework */ = {isa = PBXFileReference; lastKnownFileType = wrapper.framework; name = MessageUI.framework; path = System/Library/Frameworks/MessageUI.framework; sourceTree = SDKROOT; };
/* End PBXFileReference section */

/* Begin PBXFrameworksBuildPhase section */
		7D861DAE1AF39DD400C3EAC2 /* Frameworks */ = {
			isa = PBXFrameworksBuildPhase;
			buildActionMask = 2147483647;
			files = (
				7D861DB41AF39DD400C3EAC2 /* NotificationCenter.framework in Frameworks */,
			);
			runOnlyForDeploymentPostprocessing = 0;
		};
		B6309BBD1ADE7DC300B8F8E7 /* Frameworks */ = {
			isa = PBXFrameworksBuildPhase;
			buildActionMask = 2147483647;
			files = (
				E1EE1D4B1AF0BA6800CFE2F5 /* MessageUI.framework in Frameworks */,
				B60EED6E1AE239BE009C1AA7 /* MobileCoreServices.framework in Frameworks */,
				B68A0CCE1AEB692D00F1902D /* FBSDKCoreKit.framework in Frameworks */,
				B68A0CCF1AEB692D00F1902D /* FBSDKLoginKit.framework in Frameworks */,
			);
			runOnlyForDeploymentPostprocessing = 0;
		};
		B6309BD61ADE7DC300B8F8E7 /* Frameworks */ = {
			isa = PBXFrameworksBuildPhase;
			buildActionMask = 2147483647;
			files = (
			);
			runOnlyForDeploymentPostprocessing = 0;
		};
/* End PBXFrameworksBuildPhase section */

/* Begin PBXGroup section */
		7D861DB21AF39DD400C3EAC2 /* Frameworks */ = {
			isa = PBXGroup;
			children = (
				7D861DB31AF39DD400C3EAC2 /* NotificationCenter.framework */,
			);
			name = Frameworks;
			sourceTree = "<group>";
		};
		7D861DB51AF39DD400C3EAC2 /* GoodKids Widget */ = {
			isa = PBXGroup;
			children = (
				7D861DC51AF39E0F00C3EAC2 /* GoodKids Widget.entitlements */,
				7D861DB81AF39DD400C3EAC2 /* TodayViewController.h */,
				7D861DB91AF39DD400C3EAC2 /* TodayViewController.m */,
				7D861DBB1AF39DD400C3EAC2 /* MainInterface.storyboard */,
				7D861DB61AF39DD400C3EAC2 /* Supporting Files */,
			);
			path = "GoodKids Widget";
			sourceTree = "<group>";
		};
		7D861DB61AF39DD400C3EAC2 /* Supporting Files */ = {
			isa = PBXGroup;
			children = (
				7D861DB71AF39DD400C3EAC2 /* Info.plist */,
			);
			name = "Supporting Files";
			sourceTree = "<group>";
		};
		B60B8A2F1AE76CD7004278CA /* Utility */ = {
			isa = PBXGroup;
			children = (
				7DA85DD81AEB6B6000C7D17F /* Searcher.h */,
				7DA85DD91AEB6B6000C7D17F /* Searcher.m */,
				B60B8A301AE76D0C004278CA /* ShareUtility.h */,
				B60B8A311AE76D0C004278CA /* ShareUtility.m */,
			);
			name = Utility;
			sourceTree = "<group>";
		};
		B60EED8C1AE24749009C1AA7 /* Log */ = {
			isa = PBXGroup;
			children = (
				B60EED8D1AE25651009C1AA7 /* EntryVC.h */,
				B60EED8E1AE25651009C1AA7 /* EntryVC.m */,
				B60EED8F1AE25651009C1AA7 /* ImagePickerVC.h */,
				B60EED901AE25651009C1AA7 /* ImagePickerVC.m */,
				B60EED911AE25651009C1AA7 /* LoginVC.h */,
				B60EED921AE25651009C1AA7 /* LoginVC.m */,
				B60EED931AE25651009C1AA7 /* ProfileViewController.h */,
				B60EED941AE25651009C1AA7 /* ProfileViewController.m */,
				B60EED951AE25651009C1AA7 /* SignUpVC.h */,
				B60EED961AE25651009C1AA7 /* SignUpVC.m */,
			);
			name = Log;
			sourceTree = "<group>";
		};
		B60F0F8C1AE89EF8003465CE /* CustomView */ = {
			isa = PBXGroup;
			children = (
				B60F0F871AE89ECD003465CE /* AddBandView.h */,
				B60F0F881AE89ECD003465CE /* AddBandView.m */,
				B60F0F8A1AE89EE2003465CE /* AddBandView.xib */,
			);
			name = CustomView;
			sourceTree = "<group>";
		};
		B6309BB71ADE7DC300B8F8E7 = {
			isa = PBXGroup;
			children = (
				B6309BC21ADE7DC300B8F8E7 /* GoodKids */,
				B6309C3E1ADF600B00B8F8E7 /* Framework */,
				B6309BDC1ADE7DC300B8F8E7 /* GoodKidsTests */,
				7D861DB51AF39DD400C3EAC2 /* GoodKids Widget */,
				7D861DB21AF39DD400C3EAC2 /* Frameworks */,
				B6309BC11ADE7DC300B8F8E7 /* Products */,
			);
			sourceTree = "<group>";
		};
		B6309BC11ADE7DC300B8F8E7 /* Products */ = {
			isa = PBXGroup;
			children = (
				B6309BC01ADE7DC300B8F8E7 /* GoodKids.app */,
				B6309BD91ADE7DC300B8F8E7 /* GoodKidsTests.xctest */,
				7D861DB11AF39DD400C3EAC2 /* GoodKids Widget.appex */,
			);
			name = Products;
			sourceTree = "<group>";
		};
		B6309BC21ADE7DC300B8F8E7 /* GoodKids */ = {
			isa = PBXGroup;
			children = (
				7D861DC41AF39E0600C3EAC2 /* GoodKids.entitlements */,
				B6309BC71ADE7DC300B8F8E7 /* AppDelegate.h */,
				B6309BC81ADE7DC300B8F8E7 /* AppDelegate.m */,
				B6309BCD1ADE7DC300B8F8E7 /* Main.storyboard */,
				B6309BD01ADE7DC300B8F8E7 /* Images.xcassets */,
				B6309BD21ADE7DC300B8F8E7 /* LaunchScreen.xib */,
				B60EED8C1AE24749009C1AA7 /* Log */,
				B6309C241ADE875700B8F8E7 /* Follow */,
				B6AC55C41AF0D46D00B7A1A6 /* Search */,
				B6309C251ADE878B00B8F8E7 /* Admin */,
				B60B8A2F1AE76CD7004278CA /* Utility */,
				B6309C0B1ADE85D200B8F8E7 /* NavigationBar */,
				B6CD12151ADF8AEE00071A46 /* API */,
				E1DC60EE1AEB790A009CBC09 /* image */,
				B6309BC31ADE7DC300B8F8E7 /* Supporting Files */,
			);
			path = GoodKids;
			sourceTree = "<group>";
		};
		B6309BC31ADE7DC300B8F8E7 /* Supporting Files */ = {
			isa = PBXGroup;
			children = (
				7D861DC61AF3AAB100C3EAC2 /* lingling.wav */,
				B6309BC41ADE7DC300B8F8E7 /* Info.plist */,
				B6309BC51ADE7DC300B8F8E7 /* main.m */,
			);
			name = "Supporting Files";
			sourceTree = "<group>";
		};
		B6309BDC1ADE7DC300B8F8E7 /* GoodKidsTests */ = {
			isa = PBXGroup;
			children = (
				B6309BDF1ADE7DC300B8F8E7 /* GoodKidsTests.m */,
				B6309BDD1ADE7DC300B8F8E7 /* Supporting Files */,
			);
			path = GoodKidsTests;
			sourceTree = "<group>";
		};
		B6309BDD1ADE7DC300B8F8E7 /* Supporting Files */ = {
			isa = PBXGroup;
			children = (
				B6309BDE1ADE7DC300B8F8E7 /* Info.plist */,
			);
			name = "Supporting Files";
			sourceTree = "<group>";
		};
		B6309C0B1ADE85D200B8F8E7 /* NavigationBar */ = {
			isa = PBXGroup;
			children = (
				B6309C181ADE870000B8F8E7 /* ProfileVC.h */,
				B6309C191ADE870000B8F8E7 /* ProfileVC.m */,
				B6309C211ADE874F00B8F8E7 /* SettingVC.h */,
				B6309C221ADE875000B8F8E7 /* SettingVC.m */,
				B6309C1E1ADE873500B8F8E7 /* AboutVC.h */,
				B6309C1F1ADE873500B8F8E7 /* AboutVC.m */,
				B6309C381ADE8A4A00B8F8E7 /* SidebarTVC.h */,
				B6309C391ADE8A4A00B8F8E7 /* SidebarTVC.m */,
			);
			name = NavigationBar;
			sourceTree = "<group>";
		};
		B6309C241ADE875700B8F8E7 /* Follow */ = {
			isa = PBXGroup;
			children = (
				B6309C011ADE84A200B8F8E7 /* FollowListTVC.h */,
				B6309C021ADE84A200B8F8E7 /* FollowListTVC.m */,
				B6BBB2E71AEF803B003DD993 /* FollowListCell.h */,
				B6BBB2E81AEF803B003DD993 /* FollowListCell.m */,
				B60F0F8D1AE8A34E003465CE /* FollowContentCVC.h */,
				B60F0F8E1AE8A34E003465CE /* FollowContentCVC.m */,
				B60F0F8F1AE8A34E003465CE /* FollowContentCVCell.h */,
				B60F0F901AE8A34E003465CE /* FollowContentCVCell.m */,
				B6AC55C51AF1D1F500B7A1A6 /* FollowMessageVC.h */,
				B6AC55C61AF1D1F500B7A1A6 /* FollowMessageVC.m */,
			);
			name = Follow;
			sourceTree = "<group>";
		};
		B6309C251ADE878B00B8F8E7 /* Admin */ = {
			isa = PBXGroup;
			children = (
				B6309BCA1ADE7DC300B8F8E7 /* AdminListVC_TVC.h */,
				B6309BCB1ADE7DC300B8F8E7 /* AdminListVC_TVC.m */,
				B6BBB2EB1AEF8B31003DD993 /* AdminListCell.h */,
				B6BBB2EC1AEF8B31003DD993 /* AdminListCell.m */,
				B60F0F8C1AE89EF8003465CE /* CustomView */,
				B68A0CD51AECC81100F1902D /* AdminContentVC_CVC.h */,
				B68A0CD61AECC81100F1902D /* AdminContentVC_CVC.m */,
				B6309C321ADE88EC00B8F8E7 /* EditMessageVC.h */,
				B6309C331ADE88EC00B8F8E7 /* EditMessageVC.m */,
				B6309C351ADE890C00B8F8E7 /* ShowMessageVC.h */,
				B6309C361ADE890C00B8F8E7 /* ShowMessageVC.m */,
			);
			name = Admin;
			sourceTree = "<group>";
		};
		B6309C3E1ADF600B00B8F8E7 /* Framework */ = {
			isa = PBXGroup;
			children = (
				B6BBB2EA1AEF81C1003DD993 /* JDFPeekabooCoordinator */,
				E1DC60E91AEB6DCC009CBC09 /* custButton.h */,
				E1DC60EA1AEB6DCC009CBC09 /* custButton.m */,
				B6A28D911AE63B62007EB78D /* SWRevealViewController */,
				B6A28D8D1AE63B49007EB78D /* Reachability */,
				B6A28D891AE63B27007EB78D /* MBProgressHUD */,
				B6A28D691AE63AE3007EB78D /* AFNetworking */,
				B6C937161AE22C1D00B6CED1 /* MobileCoreServices.framework */,
				E1EE1D4A1AF0BA6800CFE2F5 /* MessageUI.framework */,
				B6C937111AE22B1000B6CED1 /* FBSDK */,
			);
			name = Framework;
			sourceTree = "<group>";
		};
		B6A28D691AE63AE3007EB78D /* AFNetworking */ = {
			isa = PBXGroup;
			children = (
				B6A28D861AE63B11007EB78D /* UIImageView+AFNetworking.h */,
				B6A28D871AE63B11007EB78D /* UIImageView+AFNetworking.m */,
				B6A28D6A1AE63B04007EB78D /* AFHTTPRequestOperation.h */,
				B6A28D6B1AE63B04007EB78D /* AFHTTPRequestOperation.m */,
				B6A28D6C1AE63B04007EB78D /* AFHTTPRequestOperationManager.h */,
				B6A28D6D1AE63B04007EB78D /* AFHTTPRequestOperationManager.m */,
				B6A28D6E1AE63B04007EB78D /* AFHTTPSessionManager.h */,
				B6A28D6F1AE63B04007EB78D /* AFHTTPSessionManager.m */,
				B6A28D701AE63B04007EB78D /* AFNetworking.h */,
				B6A28D711AE63B04007EB78D /* AFNetworkReachabilityManager.h */,
				B6A28D721AE63B04007EB78D /* AFNetworkReachabilityManager.m */,
				B6A28D731AE63B04007EB78D /* AFSecurityPolicy.h */,
				B6A28D741AE63B04007EB78D /* AFSecurityPolicy.m */,
				B6A28D751AE63B04007EB78D /* AFURLConnectionOperation.h */,
				B6A28D761AE63B04007EB78D /* AFURLConnectionOperation.m */,
				B6A28D771AE63B04007EB78D /* AFURLRequestSerialization.h */,
				B6A28D781AE63B04007EB78D /* AFURLRequestSerialization.m */,
				B6A28D791AE63B04007EB78D /* AFURLResponseSerialization.h */,
				B6A28D7A1AE63B04007EB78D /* AFURLResponseSerialization.m */,
				B6A28D7B1AE63B04007EB78D /* AFURLSessionManager.h */,
				B6A28D7C1AE63B04007EB78D /* AFURLSessionManager.m */,
			);
			name = AFNetworking;
			sourceTree = "<group>";
		};
		B6A28D891AE63B27007EB78D /* MBProgressHUD */ = {
			isa = PBXGroup;
			children = (
				B6A28D8A1AE63B33007EB78D /* MBProgressHUD.h */,
				B6A28D8B1AE63B33007EB78D /* MBProgressHUD.m */,
			);
			name = MBProgressHUD;
			sourceTree = "<group>";
		};
		B6A28D8D1AE63B49007EB78D /* Reachability */ = {
			isa = PBXGroup;
			children = (
				B6A28D8E1AE63B52007EB78D /* Reachability.h */,
				B6A28D8F1AE63B52007EB78D /* Reachability.m */,
			);
			name = Reachability;
			sourceTree = "<group>";
		};
		B6A28D911AE63B62007EB78D /* SWRevealViewController */ = {
			isa = PBXGroup;
			children = (
				B6A28D921AE63B6E007EB78D /* SWRevealViewController.h */,
				B6A28D931AE63B6E007EB78D /* SWRevealViewController.m */,
			);
			name = SWRevealViewController;
			sourceTree = "<group>";
		};
		B6AC55C41AF0D46D00B7A1A6 /* Search */ = {
			isa = PBXGroup;
			children = (
				B6309C2C1ADE880300B8F8E7 /* SearchTVC.h */,
				B6309C2D1ADE880300B8F8E7 /* SearchTVC.m */,
				B6A7ED421AEDC63300FC74D0 /* MyCell.h */,
				B6A7ED431AEDC63300FC74D0 /* MyCell.m */,
			);
			name = Search;
			sourceTree = "<group>";
		};
		B6BBB2EA1AEF81C1003DD993 /* JDFPeekabooCoordinator */ = {
			isa = PBXGroup;
			children = (
				E19A52391AEDCB030057A13D /* JDFPeekabooCoordinator.h */,
				E19A523A1AEDCB030057A13D /* JDFPeekabooCoordinator.m */,
			);
			name = JDFPeekabooCoordinator;
			sourceTree = "<group>";
		};
		B6C937111AE22B1000B6CED1 /* FBSDK */ = {
			isa = PBXGroup;
			children = (
				B68A0CCC1AEB692D00F1902D /* FBSDKCoreKit.framework */,
				B68A0CCD1AEB692D00F1902D /* FBSDKLoginKit.framework */,
			);
			name = FBSDK;
			sourceTree = "<group>";
		};
		B6CD12151ADF8AEE00071A46 /* API */ = {
			isa = PBXGroup;
			children = (
				B6CD12161ADF8B3D00071A46 /* API.h */,
				B6CD12171ADF8B3D00071A46 /* API.m */,
			);
			name = API;
			sourceTree = "<group>";
		};
		E1DC60EE1AEB790A009CBC09 /* image */ = {
			isa = PBXGroup;
			children = (
				E1D40DBE1AF073010035B34B /* settings-75.png */,
				E129A3231AEFBB5B00F4D3A6 /* camera-75.png */,
				E129A31D1AEF8D7B00F4D3A6 /* increase_font-75.png */,
				E129A3211AEF8E0C00F4D3A6 /* clock-75.png */,
				E129A31F1AEF8DB500F4D3A6 /* calendar-75.png */,
				E129A31B1AEE3D2A00F4D3A6 /* logo.png */,
				E129A3151AEE27B600F4D3A6 /* GoodKidsGif.gif */,
				E18CE2F31AED1278000B56AF /* email-75.png */,
				E18CE2F51AED1296000B56AF /* password-75.png */,
				E18CE2F71AED12B0000B56AF /* user_male4-75.png */,
			);
			name = image;
			sourceTree = "<group>";
		};
/* End PBXGroup section */

/* Begin PBXNativeTarget section */
		7D861DB01AF39DD400C3EAC2 /* GoodKids Widget */ = {
			isa = PBXNativeTarget;
			buildConfigurationList = 7D861DC21AF39DD500C3EAC2 /* Build configuration list for PBXNativeTarget "GoodKids Widget" */;
			buildPhases = (
				7D861DAD1AF39DD400C3EAC2 /* Sources */,
				7D861DAE1AF39DD400C3EAC2 /* Frameworks */,
				7D861DAF1AF39DD400C3EAC2 /* Resources */,
			);
			buildRules = (
			);
			dependencies = (
			);
			name = "GoodKids Widget";
			productName = "GoodKids Widget";
			productReference = 7D861DB11AF39DD400C3EAC2 /* GoodKids Widget.appex */;
			productType = "com.apple.product-type.app-extension";
		};
		B6309BBF1ADE7DC300B8F8E7 /* GoodKids */ = {
			isa = PBXNativeTarget;
			buildConfigurationList = B6309BE31ADE7DC300B8F8E7 /* Build configuration list for PBXNativeTarget "GoodKids" */;
			buildPhases = (
				B6309BBC1ADE7DC300B8F8E7 /* Sources */,
				B6309BBD1ADE7DC300B8F8E7 /* Frameworks */,
				B6309BBE1ADE7DC300B8F8E7 /* Resources */,
				7D861DC31AF39DD500C3EAC2 /* Embed App Extensions */,
			);
			buildRules = (
			);
			dependencies = (
				7D861DBE1AF39DD400C3EAC2 /* PBXTargetDependency */,
			);
			name = GoodKids;
			productName = GoodKids;
			productReference = B6309BC01ADE7DC300B8F8E7 /* GoodKids.app */;
			productType = "com.apple.product-type.application";
		};
		B6309BD81ADE7DC300B8F8E7 /* GoodKidsTests */ = {
			isa = PBXNativeTarget;
			buildConfigurationList = B6309BE61ADE7DC300B8F8E7 /* Build configuration list for PBXNativeTarget "GoodKidsTests" */;
			buildPhases = (
				B6309BD51ADE7DC300B8F8E7 /* Sources */,
				B6309BD61ADE7DC300B8F8E7 /* Frameworks */,
				B6309BD71ADE7DC300B8F8E7 /* Resources */,
			);
			buildRules = (
			);
			dependencies = (
				B6309BDB1ADE7DC300B8F8E7 /* PBXTargetDependency */,
			);
			name = GoodKidsTests;
			productName = GoodKidsTests;
			productReference = B6309BD91ADE7DC300B8F8E7 /* GoodKidsTests.xctest */;
			productType = "com.apple.product-type.bundle.unit-test";
		};
/* End PBXNativeTarget section */

/* Begin PBXProject section */
		B6309BB81ADE7DC300B8F8E7 /* Project object */ = {
			isa = PBXProject;
			attributes = {
				LastUpgradeCheck = 0630;
				ORGANIZATIONNAME = SuperNova;
				TargetAttributes = {
					7D861DB01AF39DD400C3EAC2 = {
						CreatedOnToolsVersion = 6.3.1;
						DevelopmentTeam = Z8GB3T9CQ4;
						SystemCapabilities = {
							com.apple.ApplicationGroups.iOS = {
								enabled = 1;
							};
						};
					};
					B6309BBF1ADE7DC300B8F8E7 = {
						CreatedOnToolsVersion = 6.3;
						DevelopmentTeam = Z8GB3T9CQ4;
						SystemCapabilities = {
							com.apple.ApplicationGroups.iOS = {
								enabled = 1;
							};
						};
					};
					B6309BD81ADE7DC300B8F8E7 = {
						CreatedOnToolsVersion = 6.3;
						TestTargetID = B6309BBF1ADE7DC300B8F8E7;
					};
				};
			};
			buildConfigurationList = B6309BBB1ADE7DC300B8F8E7 /* Build configuration list for PBXProject "GoodKids" */;
			compatibilityVersion = "Xcode 3.2";
			developmentRegion = English;
			hasScannedForEncodings = 0;
			knownRegions = (
				en,
				Base,
			);
			mainGroup = B6309BB71ADE7DC300B8F8E7;
			productRefGroup = B6309BC11ADE7DC300B8F8E7 /* Products */;
			projectDirPath = "";
			projectRoot = "";
			targets = (
				B6309BBF1ADE7DC300B8F8E7 /* GoodKids */,
				B6309BD81ADE7DC300B8F8E7 /* GoodKidsTests */,
				7D861DB01AF39DD400C3EAC2 /* GoodKids Widget */,
			);
		};
/* End PBXProject section */

/* Begin PBXResourcesBuildPhase section */
		7D861DAF1AF39DD400C3EAC2 /* Resources */ = {
			isa = PBXResourcesBuildPhase;
			buildActionMask = 2147483647;
			files = (
				7D861DBC1AF39DD400C3EAC2 /* MainInterface.storyboard in Resources */,
			);
			runOnlyForDeploymentPostprocessing = 0;
		};
		B6309BBE1ADE7DC300B8F8E7 /* Resources */ = {
			isa = PBXResourcesBuildPhase;
			buildActionMask = 2147483647;
			files = (
				E129A3221AEF8E0C00F4D3A6 /* clock-75.png in Resources */,
				B6309BCF1ADE7DC300B8F8E7 /* Main.storyboard in Resources */,
				E129A3161AEE27B600F4D3A6 /* GoodKidsGif.gif in Resources */,
				7D861DC71AF3AAB100C3EAC2 /* lingling.wav in Resources */,
				E129A31C1AEE3D2A00F4D3A6 /* logo.png in Resources */,
				B6309BD41ADE7DC300B8F8E7 /* LaunchScreen.xib in Resources */,
				E18CE2F41AED1278000B56AF /* email-75.png in Resources */,
				E18CE2F61AED1296000B56AF /* password-75.png in Resources */,
				B60F0F8B1AE89EE2003465CE /* AddBandView.xib in Resources */,
				E18CE2F81AED12B0000B56AF /* user_male4-75.png in Resources */,
				E129A31E1AEF8D7B00F4D3A6 /* increase_font-75.png in Resources */,
				E129A3201AEF8DB500F4D3A6 /* calendar-75.png in Resources */,
				E129A3241AEFBB5B00F4D3A6 /* camera-75.png in Resources */,
				E1D40DBF1AF073010035B34B /* settings-75.png in Resources */,
				B6309BD11ADE7DC300B8F8E7 /* Images.xcassets in Resources */,
			);
			runOnlyForDeploymentPostprocessing = 0;
		};
		B6309BD71ADE7DC300B8F8E7 /* Resources */ = {
			isa = PBXResourcesBuildPhase;
			buildActionMask = 2147483647;
			files = (
			);
			runOnlyForDeploymentPostprocessing = 0;
		};
/* End PBXResourcesBuildPhase section */

/* Begin PBXSourcesBuildPhase section */
		7D861DAD1AF39DD400C3EAC2 /* Sources */ = {
			isa = PBXSourcesBuildPhase;
			buildActionMask = 2147483647;
			files = (
				7D861DBA1AF39DD400C3EAC2 /* TodayViewController.m in Sources */,
			);
			runOnlyForDeploymentPostprocessing = 0;
		};
		B6309BBC1ADE7DC300B8F8E7 /* Sources */ = {
			isa = PBXSourcesBuildPhase;
			buildActionMask = 2147483647;
			files = (
				B60B8A321AE76D0C004278CA /* ShareUtility.m in Sources */,
				B6A28D811AE63B04007EB78D /* AFSecurityPolicy.m in Sources */,
				B6309C1A1ADE870000B8F8E7 /* ProfileVC.m in Sources */,
				B6309C2E1ADE880300B8F8E7 /* SearchTVC.m in Sources */,
				B68A0CD71AECC81100F1902D /* AdminContentVC_CVC.m in Sources */,
				B6A7ED441AEDC63300FC74D0 /* MyCell.m in Sources */,
				B60EED9A1AE25651009C1AA7 /* ProfileViewController.m in Sources */,
				B6A28D8C1AE63B33007EB78D /* MBProgressHUD.m in Sources */,
				B60EED9B1AE25651009C1AA7 /* SignUpVC.m in Sources */,
				E19A523B1AEDCB030057A13D /* JDFPeekabooCoordinator.m in Sources */,
				B6A28D821AE63B04007EB78D /* AFURLConnectionOperation.m in Sources */,
				B6AC55C71AF1D1F500B7A1A6 /* FollowMessageVC.m in Sources */,
				7DA85DDA1AEB6B6000C7D17F /* Searcher.m in Sources */,
				B6A28D941AE63B6E007EB78D /* SWRevealViewController.m in Sources */,
				B6309C031ADE84A200B8F8E7 /* FollowListTVC.m in Sources */,
				B6A28D851AE63B04007EB78D /* AFURLSessionManager.m in Sources */,
				B60EED971AE25651009C1AA7 /* EntryVC.m in Sources */,
				B6309BCC1ADE7DC300B8F8E7 /* AdminListVC_TVC.m in Sources */,
				B60EED981AE25651009C1AA7 /* ImagePickerVC.m in Sources */,
				B6A28D841AE63B04007EB78D /* AFURLResponseSerialization.m in Sources */,
				B6A28D7E1AE63B04007EB78D /* AFHTTPRequestOperationManager.m in Sources */,
				B6A28D7D1AE63B04007EB78D /* AFHTTPRequestOperation.m in Sources */,
				B6BBB2E91AEF803B003DD993 /* FollowListCell.m in Sources */,
				B60EED991AE25651009C1AA7 /* LoginVC.m in Sources */,
				B6309BC91ADE7DC300B8F8E7 /* AppDelegate.m in Sources */,
				B6309C371ADE890C00B8F8E7 /* ShowMessageVC.m in Sources */,
				B6309C201ADE873500B8F8E7 /* AboutVC.m in Sources */,
				B6309C231ADE875000B8F8E7 /* SettingVC.m in Sources */,
				B60F0F891AE89ECD003465CE /* AddBandView.m in Sources */,
				B6A28D801AE63B04007EB78D /* AFNetworkReachabilityManager.m in Sources */,
				B6A28D901AE63B52007EB78D /* Reachability.m in Sources */,
				B60F0F921AE8A34E003465CE /* FollowContentCVCell.m in Sources */,
				B6309C341ADE88EC00B8F8E7 /* EditMessageVC.m in Sources */,
				B6CD12181ADF8B3D00071A46 /* API.m in Sources */,
				E1DC60EB1AEB6DCC009CBC09 /* custButton.m in Sources */,
				B6309C3A1ADE8A4A00B8F8E7 /* SidebarTVC.m in Sources */,
				B6309BC61ADE7DC300B8F8E7 /* main.m in Sources */,
				B6A28D831AE63B04007EB78D /* AFURLRequestSerialization.m in Sources */,
				B6BBB2ED1AEF8B31003DD993 /* AdminListCell.m in Sources */,
				B60F0F911AE8A34E003465CE /* FollowContentCVC.m in Sources */,
				B6A28D881AE63B11007EB78D /* UIImageView+AFNetworking.m in Sources */,
				B6A28D7F1AE63B04007EB78D /* AFHTTPSessionManager.m in Sources */,
			);
			runOnlyForDeploymentPostprocessing = 0;
		};
		B6309BD51ADE7DC300B8F8E7 /* Sources */ = {
			isa = PBXSourcesBuildPhase;
			buildActionMask = 2147483647;
			files = (
				B6309BE01ADE7DC300B8F8E7 /* GoodKidsTests.m in Sources */,
			);
			runOnlyForDeploymentPostprocessing = 0;
		};
/* End PBXSourcesBuildPhase section */

/* Begin PBXTargetDependency section */
		7D861DBE1AF39DD400C3EAC2 /* PBXTargetDependency */ = {
			isa = PBXTargetDependency;
			target = 7D861DB01AF39DD400C3EAC2 /* GoodKids Widget */;
			targetProxy = 7D861DBD1AF39DD400C3EAC2 /* PBXContainerItemProxy */;
		};
		B6309BDB1ADE7DC300B8F8E7 /* PBXTargetDependency */ = {
			isa = PBXTargetDependency;
			target = B6309BBF1ADE7DC300B8F8E7 /* GoodKids */;
			targetProxy = B6309BDA1ADE7DC300B8F8E7 /* PBXContainerItemProxy */;
		};
/* End PBXTargetDependency section */

/* Begin PBXVariantGroup section */
		B6309BCD1ADE7DC300B8F8E7 /* Main.storyboard */ = {
			isa = PBXVariantGroup;
			children = (
				B6309BCE1ADE7DC300B8F8E7 /* Base */,
			);
			name = Main.storyboard;
			sourceTree = "<group>";
		};
		B6309BD21ADE7DC300B8F8E7 /* LaunchScreen.xib */ = {
			isa = PBXVariantGroup;
			children = (
				B6309BD31ADE7DC300B8F8E7 /* Base */,
			);
			name = LaunchScreen.xib;
			sourceTree = "<group>";
		};
/* End PBXVariantGroup section */

/* Begin XCBuildConfiguration section */
		7D861DC01AF39DD400C3EAC2 /* Debug */ = {
			isa = XCBuildConfiguration;
			buildSettings = {
				CODE_SIGN_ENTITLEMENTS = "GoodKids Widget/GoodKids Widget.entitlements";
				GCC_PREPROCESSOR_DEFINITIONS = (
					"DEBUG=1",
					"$(inherited)",
				);
				INFOPLIST_FILE = "GoodKids Widget/Info.plist";
				IPHONEOS_DEPLOYMENT_TARGET = 8.3;
				LD_RUNPATH_SEARCH_PATHS = "$(inherited) @executable_path/Frameworks @executable_path/../../Frameworks";
				PRODUCT_NAME = "$(TARGET_NAME)";
				SKIP_INSTALL = YES;
			};
			name = Debug;
		};
		7D861DC11AF39DD400C3EAC2 /* Release */ = {
			isa = XCBuildConfiguration;
			buildSettings = {
				CODE_SIGN_ENTITLEMENTS = "GoodKids Widget/GoodKids Widget.entitlements";
				INFOPLIST_FILE = "GoodKids Widget/Info.plist";
				IPHONEOS_DEPLOYMENT_TARGET = 8.3;
				LD_RUNPATH_SEARCH_PATHS = "$(inherited) @executable_path/Frameworks @executable_path/../../Frameworks";
				PRODUCT_NAME = "$(TARGET_NAME)";
				SKIP_INSTALL = YES;
			};
			name = Release;
		};
		B6309BE11ADE7DC300B8F8E7 /* Debug */ = {
			isa = XCBuildConfiguration;
			buildSettings = {
				ALWAYS_SEARCH_USER_PATHS = NO;
				CLANG_CXX_LANGUAGE_STANDARD = "gnu++0x";
				CLANG_CXX_LIBRARY = "libc++";
				CLANG_ENABLE_MODULES = YES;
				CLANG_ENABLE_OBJC_ARC = YES;
				CLANG_WARN_BOOL_CONVERSION = YES;
				CLANG_WARN_CONSTANT_CONVERSION = YES;
				CLANG_WARN_DIRECT_OBJC_ISA_USAGE = YES_ERROR;
				CLANG_WARN_EMPTY_BODY = YES;
				CLANG_WARN_ENUM_CONVERSION = YES;
				CLANG_WARN_INT_CONVERSION = YES;
				CLANG_WARN_OBJC_ROOT_CLASS = YES_ERROR;
				CLANG_WARN_UNREACHABLE_CODE = YES;
				CLANG_WARN__DUPLICATE_METHOD_MATCH = YES;
				"CODE_SIGN_IDENTITY[sdk=iphoneos*]" = "iPhone Developer";
				COPY_PHASE_STRIP = NO;
				DEBUG_INFORMATION_FORMAT = "dwarf-with-dsym";
				ENABLE_STRICT_OBJC_MSGSEND = YES;
				GCC_C_LANGUAGE_STANDARD = gnu99;
				GCC_DYNAMIC_NO_PIC = NO;
				GCC_NO_COMMON_BLOCKS = YES;
				GCC_OPTIMIZATION_LEVEL = 0;
				GCC_PREPROCESSOR_DEFINITIONS = (
					"DEBUG=1",
					"$(inherited)",
				);
				GCC_SYMBOLS_PRIVATE_EXTERN = NO;
				GCC_WARN_64_TO_32_BIT_CONVERSION = YES;
				GCC_WARN_ABOUT_RETURN_TYPE = YES_ERROR;
				GCC_WARN_UNDECLARED_SELECTOR = YES;
				GCC_WARN_UNINITIALIZED_AUTOS = YES_AGGRESSIVE;
				GCC_WARN_UNUSED_FUNCTION = YES;
				GCC_WARN_UNUSED_VARIABLE = YES;
				IPHONEOS_DEPLOYMENT_TARGET = 8.2;
				MTL_ENABLE_DEBUG_INFO = YES;
				ONLY_ACTIVE_ARCH = YES;
				SDKROOT = iphoneos;
				TARGETED_DEVICE_FAMILY = "1,2";
			};
			name = Debug;
		};
		B6309BE21ADE7DC300B8F8E7 /* Release */ = {
			isa = XCBuildConfiguration;
			buildSettings = {
				ALWAYS_SEARCH_USER_PATHS = NO;
				CLANG_CXX_LANGUAGE_STANDARD = "gnu++0x";
				CLANG_CXX_LIBRARY = "libc++";
				CLANG_ENABLE_MODULES = YES;
				CLANG_ENABLE_OBJC_ARC = YES;
				CLANG_WARN_BOOL_CONVERSION = YES;
				CLANG_WARN_CONSTANT_CONVERSION = YES;
				CLANG_WARN_DIRECT_OBJC_ISA_USAGE = YES_ERROR;
				CLANG_WARN_EMPTY_BODY = YES;
				CLANG_WARN_ENUM_CONVERSION = YES;
				CLANG_WARN_INT_CONVERSION = YES;
				CLANG_WARN_OBJC_ROOT_CLASS = YES_ERROR;
				CLANG_WARN_UNREACHABLE_CODE = YES;
				CLANG_WARN__DUPLICATE_METHOD_MATCH = YES;
				"CODE_SIGN_IDENTITY[sdk=iphoneos*]" = "iPhone Developer";
				COPY_PHASE_STRIP = NO;
				DEBUG_INFORMATION_FORMAT = "dwarf-with-dsym";
				ENABLE_NS_ASSERTIONS = NO;
				ENABLE_STRICT_OBJC_MSGSEND = YES;
				GCC_C_LANGUAGE_STANDARD = gnu99;
				GCC_NO_COMMON_BLOCKS = YES;
				GCC_WARN_64_TO_32_BIT_CONVERSION = YES;
				GCC_WARN_ABOUT_RETURN_TYPE = YES_ERROR;
				GCC_WARN_UNDECLARED_SELECTOR = YES;
				GCC_WARN_UNINITIALIZED_AUTOS = YES_AGGRESSIVE;
				GCC_WARN_UNUSED_FUNCTION = YES;
				GCC_WARN_UNUSED_VARIABLE = YES;
				IPHONEOS_DEPLOYMENT_TARGET = 8.2;
				MTL_ENABLE_DEBUG_INFO = NO;
				SDKROOT = iphoneos;
				TARGETED_DEVICE_FAMILY = "1,2";
				VALIDATE_PRODUCT = YES;
			};
			name = Release;
		};
		B6309BE41ADE7DC300B8F8E7 /* Debug */ = {
			isa = XCBuildConfiguration;
			buildSettings = {
				ASSETCATALOG_COMPILER_APPICON_NAME = AppIcon;
				CODE_SIGN_ENTITLEMENTS = GoodKids/GoodKids.entitlements;
				CODE_SIGN_IDENTITY = "iPhone Developer";
				FRAMEWORK_SEARCH_PATHS = (
					"$(inherited)",
					/Users/zhanzhenhao/Documents/FacebookSDK,
					"$(PROJECT_DIR)",
				);
				INFOPLIST_FILE = GoodKids/Info.plist;
				IPHONEOS_DEPLOYMENT_TARGET = 8.2;
				LD_RUNPATH_SEARCH_PATHS = "$(inherited) @executable_path/Frameworks";
				PRODUCT_NAME = "$(TARGET_NAME)";
				TARGETED_DEVICE_FAMILY = "1,2";
			};
			name = Debug;
		};
		B6309BE51ADE7DC300B8F8E7 /* Release */ = {
			isa = XCBuildConfiguration;
			buildSettings = {
				ASSETCATALOG_COMPILER_APPICON_NAME = AppIcon;
				CODE_SIGN_ENTITLEMENTS = GoodKids/GoodKids.entitlements;
				CODE_SIGN_IDENTITY = "iPhone Developer";
				FRAMEWORK_SEARCH_PATHS = (
					"$(inherited)",
					/Users/zhanzhenhao/Documents/FacebookSDK,
					"$(PROJECT_DIR)",
				);
				INFOPLIST_FILE = GoodKids/Info.plist;
				IPHONEOS_DEPLOYMENT_TARGET = 8.2;
				LD_RUNPATH_SEARCH_PATHS = "$(inherited) @executable_path/Frameworks";
				PRODUCT_NAME = "$(TARGET_NAME)";
				TARGETED_DEVICE_FAMILY = "1,2";
			};
			name = Release;
		};
		B6309BE71ADE7DC300B8F8E7 /* Debug */ = {
			isa = XCBuildConfiguration;
			buildSettings = {
				BUNDLE_LOADER = "$(TEST_HOST)";
				FRAMEWORK_SEARCH_PATHS = (
					"$(SDKROOT)/Developer/Library/Frameworks",
					"$(inherited)",
				);
				GCC_PREPROCESSOR_DEFINITIONS = (
					"DEBUG=1",
					"$(inherited)",
				);
				INFOPLIST_FILE = GoodKidsTests/Info.plist;
				LD_RUNPATH_SEARCH_PATHS = "$(inherited) @executable_path/Frameworks @loader_path/Frameworks";
				PRODUCT_NAME = "$(TARGET_NAME)";
				TEST_HOST = "$(BUILT_PRODUCTS_DIR)/GoodKids.app/GoodKids";
			};
			name = Debug;
		};
		B6309BE81ADE7DC300B8F8E7 /* Release */ = {
			isa = XCBuildConfiguration;
			buildSettings = {
				BUNDLE_LOADER = "$(TEST_HOST)";
				FRAMEWORK_SEARCH_PATHS = (
					"$(SDKROOT)/Developer/Library/Frameworks",
					"$(inherited)",
				);
				INFOPLIST_FILE = GoodKidsTests/Info.plist;
				LD_RUNPATH_SEARCH_PATHS = "$(inherited) @executable_path/Frameworks @loader_path/Frameworks";
				PRODUCT_NAME = "$(TARGET_NAME)";
				TEST_HOST = "$(BUILT_PRODUCTS_DIR)/GoodKids.app/GoodKids";
			};
			name = Release;
		};
/* End XCBuildConfiguration section */

/* Begin XCConfigurationList section */
		7D861DC21AF39DD500C3EAC2 /* Build configuration list for PBXNativeTarget "GoodKids Widget" */ = {
			isa = XCConfigurationList;
			buildConfigurations = (
				7D861DC01AF39DD400C3EAC2 /* Debug */,
				7D861DC11AF39DD400C3EAC2 /* Release */,
			);
			defaultConfigurationIsVisible = 0;
			defaultConfigurationName = Release;
		};
		B6309BBB1ADE7DC300B8F8E7 /* Build configuration list for PBXProject "GoodKids" */ = {
			isa = XCConfigurationList;
			buildConfigurations = (
				B6309BE11ADE7DC300B8F8E7 /* Debug */,
				B6309BE21ADE7DC300B8F8E7 /* Release */,
			);
			defaultConfigurationIsVisible = 0;
			defaultConfigurationName = Release;
		};
		B6309BE31ADE7DC300B8F8E7 /* Build configuration list for PBXNativeTarget "GoodKids" */ = {
			isa = XCConfigurationList;
			buildConfigurations = (
				B6309BE41ADE7DC300B8F8E7 /* Debug */,
				B6309BE51ADE7DC300B8F8E7 /* Release */,
			);
			defaultConfigurationIsVisible = 0;
			defaultConfigurationName = Release;
		};
		B6309BE61ADE7DC300B8F8E7 /* Build configuration list for PBXNativeTarget "GoodKidsTests" */ = {
			isa = XCConfigurationList;
			buildConfigurations = (
				B6309BE71ADE7DC300B8F8E7 /* Debug */,
				B6309BE81ADE7DC300B8F8E7 /* Release */,
			);
			defaultConfigurationIsVisible = 0;
			defaultConfigurationName = Release;
		};
/* End XCConfigurationList section */
	};
	rootObject = B6309BB81ADE7DC300B8F8E7 /* Project object */;
}
